
Microsoft Visual Studio Solution File, Format Version 12.00
# Visual Studio Version 16
VisualStudioVersion = 16.0.32929.386
MinimumVisualStudioVersion = 10.0.40219.1
Project("{FAE04EC0-301F-11D3-BF4B-00C04F79EFBC}") = "FingerPrintApp", "FingerPrintApp.csproj", "{482FE511-D9F0-4262-9FE2-2799FAC5509E}"
EndProject
Global
	GlobalSection(SolutionConfigurationPlatforms) = preSolution
		Debug|Any CPU = Debug|Any CPU
		Release|Any CPU = Release|Any CPU
	EndGlobalSection
	GlobalSection(ProjectConfigurationPlatforms) = postSolution
		{482FE511-D9F0-4262-9FE2-2799FAC5509E}.Debug|Any CPU.ActiveCfg = Debug|Any CPU
		{482FE511-D9F0-4262-9FE2-2799FAC5509E}.Debug|Any CPU.Build.0 = Debug|Any CPU
		{482FE511-D9F0-4262-9FE2-2799FAC5509E}.Release|Any CPU.ActiveCfg = Release|Any CPU
		{482FE511-D9F0-4262-9FE2-2799FAC5509E}.Release|Any CPU.Build.0 = Release|Any CPU
	EndGlobalSection
	GlobalSection(SolutionProperties) = preSolution
		HideSolutionNode = FALSE
	EndGlobalSection
	GlobalSection(ExtensibilityGlobals) = postSolution
		SolutionGuid = {0DF7345A-E03A-49C2-B25A-ACAB8674F60B}
	EndGlobalSection
EndGlobal
